# This file was autogenerated by Stack.
# You should not edit this file by hand.
# For more information, please see the documentation at:
#   https://docs.haskellstack.org/en/stable/lock_files

packages:
- completed:
    hackage: req-2.1.0@sha256:0aa582e7b69b6a5ecb065263a208f9f5e3faed33cb140fa7491334191f27ed35,4878
    pantry-tree:
      size: 712
      sha256: b64ceb7150f3b1899e7f87acf93cca2ef035fae3a45b17e868fe05946beaff80
  original:
    hackage: req-2.1.0
snapshots:
- completed:
    size: 545658
    url: https://raw.githubusercontent.com/commercialhaskell/stackage-snapshots/master/lts/14/12.yaml
    sha256: 26b807457213126d26b595439d705dc824dbb7618b0de6b900adc2bf6a059406
  original: lts-14.12
